
Microsoft Visual Studio Solution File, Format Version 12.00
# Visual Studio Version 17
VisualStudioVersion = 17.6.33815.320
MinimumVisualStudioVersion = 10.0.40219.1
Project("{FAE04EC0-301F-11D3-BF4B-00C04F79EFBC}") = "Template", "Template.csproj", "{10DCD36E-A5D1-45E0-8ED9-9B99A0DC7AD4}"
EndProject
Global
	GlobalSection(SolutionConfigurationPlatforms) = preSolution
		Debug|Any CPU = Debug|Any CPU
		Release|Any CPU = Release|Any CPU
	EndGlobalSection
	GlobalSection(ProjectConfigurationPlatforms) = postSolution
		{10DCD36E-A5D1-45E0-8ED9-9B99A0DC7AD4}.Debug|Any CPU.ActiveCfg = Debug|Any CPU
		{10DCD36E-A5D1-45E0-8ED9-9B99A0DC7AD4}.Debug|Any CPU.Build.0 = Debug|Any CPU
		{10DCD36E-A5D1-45E0-8ED9-9B99A0DC7AD4}.Release|Any CPU.ActiveCfg = Release|Any CPU
		{10DCD36E-A5D1-45E0-8ED9-9B99A0DC7AD4}.Release|Any CPU.Build.0 = Release|Any CPU
	EndGlobalSection
	GlobalSection(SolutionProperties) = preSolution
		HideSolutionNode = FALSE
	EndGlobalSection
	GlobalSection(ExtensibilityGlobals) = postSolution
		SolutionGuid = {21F7F6BA-C90D-467A-9C17-259C8B1FD4CB}
	EndGlobalSection
EndGlobal
